
Microsoft Visual Studio Solution File, Format Version 11.00
# Visual Studio 2010
Project("{8BC9CEB8-8B4A-11D0-8D11-00A0C91BC942}") = "libffi", "libffi\libffi.vcxproj", "{68F6184D-D564-4AF5-8070-6C2DE9420486}"
EndProject
Global
	GlobalSection(SolutionConfigurationPlatforms) = preSolution
		Debug|Win32 = Debug|Win32
		Release|Win32 = Release|Win32
	EndGlobalSection
	GlobalSection(ProjectConfigurationPlatforms) = postSolution
		{68F6184D-D564-4AF5-8070-6C2DE9420486}.Debug|Win32.ActiveCfg = Debug|Win32
		{68F6184D-D564-4AF5-8070-6C2DE9420486}.Debug|Win32.Build.0 = Debug|Win32
		{68F6184D-D564-4AF5-8070-6C2DE9420486}.Release|Win32.ActiveCfg = Release|Win32
		{68F6184D-D564-4AF5-8070-6C2DE9420486}.Release|Win32.Build.0 = Release|Win32
	EndGlobalSection
	GlobalSection(SolutionProperties) = preSolution
		HideSolutionNode = FALSE
	EndGlobalSection
EndGlobal
